github.com/lib/pq v1.10.4 h1:SO9z7FRPzA03QhHKJrH5BXA6HU1rS4V2nIVrrNC1iYk=
github.com/lib/pq v1.10.4/go.mod h1:AlVN5x4E4T544tWzH6hKfbfQvm3HdbOxrmggDNAPY9o=
github.com/zeebo/bencode v1.0.0 h1:zgop0Wu1nu4IexAZeCZ5qbsjU4O1vMrfCrVgUjbHVuA=
github.com/zeebo/bencode v1.0.0/go.mod h1:Ct7CkrWIQuLWAy9M3atFHYq4kG9Ao/SsY5cdtCXmp9Y=
